
Microsoft Visual Studio Solution File, Format Version 12.00
# Visual Studio Version 17
VisualStudioVersion = 17.14.36408.4 d17.14
MinimumVisualStudioVersion = 10.0.40219.1
Project("{FAE04EC0-301F-11D3-BF4B-00C04F79EFBC}") = "MVC-TAMBOv2", "MVC-TAMBOv2\MVC-TAMBOv2.csproj", "{689EECD7-B265-4BD5-8765-B0C494B3A99B}"
EndProject
Global
	GlobalSection(SolutionConfigurationPlatforms) = preSolution
		Debug|Any CPU = Debug|Any CPU
		Release|Any CPU = Release|Any CPU
	EndGlobalSection
	GlobalSection(ProjectConfigurationPlatforms) = postSolution
		{689EECD7-B265-4BD5-8765-B0C494B3A99B}.Debug|Any CPU.ActiveCfg = Debug|Any CPU
		{689EECD7-B265-4BD5-8765-B0C494B3A99B}.Debug|Any CPU.Build.0 = Debug|Any CPU
		{689EECD7-B265-4BD5-8765-B0C494B3A99B}.Release|Any CPU.ActiveCfg = Release|Any CPU
		{689EECD7-B265-4BD5-8765-B0C494B3A99B}.Release|Any CPU.Build.0 = Release|Any CPU
	EndGlobalSection
	GlobalSection(SolutionProperties) = preSolution
		HideSolutionNode = FALSE
	EndGlobalSection
	GlobalSection(ExtensibilityGlobals) = postSolution
		SolutionGuid = {3D2FE081-AC91-4E5F-9C6C-6C8A0D657910}
	EndGlobalSection
EndGlobal
